
Microsoft Visual Studio Solution File, Format Version 12.00
# Visual Studio 15
VisualStudioVersion = 15.0.26730.16
MinimumVisualStudioVersion = 10.0.40219.1
Project("{FAE04EC0-301F-11D3-BF4B-00C04F79EFBC}") = "MSTestUnitTestingApp", "MSTestUnitTestingApp\MSTestUnitTestingApp.csproj", "{4E952E23-5E25-4C2A-8049-A1804A2149D4}"
EndProject
Project("{FAE04EC0-301F-11D3-BF4B-00C04F79EFBC}") = "UnitTestProjectSB", "SBUnitTestProject\UnitTestProjectSB.csproj", "{AA5003FF-CC60-4761-AF84-DAD4B5FCA8CD}"
EndProject
Project("{FAE04EC0-301F-11D3-BF4B-00C04F79EFBC}") = "SavingsBank", "SavingsBank\SavingsBank.csproj", "{37CB365F-E094-4410-BBC3-EB10A98AB7C1}"
EndProject
Global
	GlobalSection(SolutionConfigurationPlatforms) = preSolution
		Debug|Any CPU = Debug|Any CPU
		Release|Any CPU = Release|Any CPU
	EndGlobalSection
	GlobalSection(ProjectConfigurationPlatforms) = postSolution
		{4E952E23-5E25-4C2A-8049-A1804A2149D4}.Debug|Any CPU.ActiveCfg = Debug|Any CPU
		{4E952E23-5E25-4C2A-8049-A1804A2149D4}.Debug|Any CPU.Build.0 = Debug|Any CPU
		{4E952E23-5E25-4C2A-8049-A1804A2149D4}.Release|Any CPU.ActiveCfg = Release|Any CPU
		{4E952E23-5E25-4C2A-8049-A1804A2149D4}.Release|Any CPU.Build.0 = Release|Any CPU
		{AA5003FF-CC60-4761-AF84-DAD4B5FCA8CD}.Debug|Any CPU.ActiveCfg = Debug|Any CPU
		{AA5003FF-CC60-4761-AF84-DAD4B5FCA8CD}.Debug|Any CPU.Build.0 = Debug|Any CPU
		{AA5003FF-CC60-4761-AF84-DAD4B5FCA8CD}.Release|Any CPU.ActiveCfg = Release|Any CPU
		{AA5003FF-CC60-4761-AF84-DAD4B5FCA8CD}.Release|Any CPU.Build.0 = Release|Any CPU
		{37CB365F-E094-4410-BBC3-EB10A98AB7C1}.Debug|Any CPU.ActiveCfg = Debug|Any CPU
		{37CB365F-E094-4410-BBC3-EB10A98AB7C1}.Debug|Any CPU.Build.0 = Debug|Any CPU
		{37CB365F-E094-4410-BBC3-EB10A98AB7C1}.Release|Any CPU.ActiveCfg = Release|Any CPU
		{37CB365F-E094-4410-BBC3-EB10A98AB7C1}.Release|Any CPU.Build.0 = Release|Any CPU
	EndGlobalSection
	GlobalSection(SolutionProperties) = preSolution
		HideSolutionNode = FALSE
	EndGlobalSection
	GlobalSection(ExtensibilityGlobals) = postSolution
		SolutionGuid = {DF69F449-EEAA-4845-934E-3041C781B572}
	EndGlobalSection
EndGlobal
